{
  "originHash" : "92046cd5b2f2281033576764770b7a11ca088b9ebaf1f5b30fe730e9dc26f50e",
  "pins" : [
    {
      "identity" : "purchases-ios",
      "kind" : "remoteSourceControl",
      "location" : "https://github.com/RevenueCat/purchases-ios.git",
      "state" : {
        "revision" : "d654b8b85143c29e5bb73d0ff92f5f5766fbbedc",
        "version" : "5.91.0"
      }
    }
  ],
  "version" : 3
}
